{
  "name": "@core-ds/primitives",
  "version": "2.1.1-rc.0",
  "lockfileVersion": 2,
  "requires": true,
  "packages": {
    "": {
      "name": "@core-ds/primitives",
      "version": "2.1.0",
      "devDependencies": {
        "kebab-case": "^1.0.1"
      }
    },
    "node_modules/kebab-case": {
      "version": "1.0.1",
      "resolved": "https://registry.npmjs.org/kebab-case/-/kebab-case-1.0.1.tgz",
      "integrity": "sha512-txPHx6nVLhv8PHGXIlAk0nYoh894SpAqGPXNvbg2hh8spvHXIah3+vT87DLoa59nKgC6scD3u3xAuRIgiMqbfQ==",
      "dev": true
    }
  },
  "dependencies": {
    "kebab-case": {
      "version": "1.0.1",
      "resolved": "https://registry.npmjs.org/kebab-case/-/kebab-case-1.0.1.tgz",
      "integrity": "sha512-txPHx6nVLhv8PHGXIlAk0nYoh894SpAqGPXNvbg2hh8spvHXIah3+vT87DLoa59nKgC6scD3u3xAuRIgiMqbfQ==",
      "dev": true
    }
  }
}
